
Microsoft Visual Studio Solution File, Format Version 12.00
# Visual Studio Version 17
VisualStudioVersion = 17.0.32014.148
MinimumVisualStudioVersion = 10.0.40219.1
Project("{9A19103F-16F7-4668-BE54-9A1E7A4F7556}") = "UI", "UI\UI.csproj", "{CF2D9667-BE12-41AB-A7DC-409528B6CA5D}"
	ProjectSection(ProjectDependencies) = postProject
		{37749BB2-FA78-4EC9-8990-5628FC0BBA19} = {37749BB2-FA78-4EC9-8990-5628FC0BBA19}
	EndProjectSection
EndProject
Project("{8BC9CEB8-8B4A-11D0-8D11-00A0C91BC942}") = "Core", "Core\Core.vcxproj", "{78FEF1A1-6DF1-4CBB-A373-AE6FA7CE5CE0}"
	ProjectSection(ProjectDependencies) = postProject
		{B5330148-E8C7-46BA-B54E-69BE59EA337D} = {B5330148-E8C7-46BA-B54E-69BE59EA337D}
		{B609E0A0-5050-4871-91D6-E760633BCDD1} = {B609E0A0-5050-4871-91D6-E760633BCDD1}
	EndProjectSection
EndProject
Project("{8BC9CEB8-8B4A-11D0-8D11-00A0C91BC942}") = "Utilities", "Utilities\Utilities.vcxproj", "{B5330148-E8C7-46BA-B54E-69BE59EA337D}"
	ProjectSection(ProjectDependencies) = postProject
		{52C4BA3A-E699-4305-B23F-C9083FD07AB6} = {52C4BA3A-E699-4305-B23F-C9083FD07AB6}
	EndProjectSection
EndProject
Project("{8BC9CEB8-8B4A-11D0-8D11-00A0C91BC942}") = "Windows", "Windows\Windows.vcxproj", "{7761E790-B42C-4179-8550-8365FF9EB23E}"
	ProjectSection(ProjectDependencies) = postProject
		{B5330148-E8C7-46BA-B54E-69BE59EA337D} = {B5330148-E8C7-46BA-B54E-69BE59EA337D}
		{78FEF1A1-6DF1-4CBB-A373-AE6FA7CE5CE0} = {78FEF1A1-6DF1-4CBB-A373-AE6FA7CE5CE0}
	EndProjectSection
EndProject
Project("{8BC9CEB8-8B4A-11D0-8D11-00A0C91BC942}") = "InteropDLL", "InteropDLL\InteropDLL.vcxproj", "{37749BB2-FA78-4EC9-8990-5628FC0BBA19}"
	ProjectSection(ProjectDependencies) = postProject
		{B5330148-E8C7-46BA-B54E-69BE59EA337D} = {B5330148-E8C7-46BA-B54E-69BE59EA337D}
		{7761E790-B42C-4179-8550-8365FF9EB23E} = {7761E790-B42C-4179-8550-8365FF9EB23E}
		{78FEF1A1-6DF1-4CBB-A373-AE6FA7CE5CE0} = {78FEF1A1-6DF1-4CBB-A373-AE6FA7CE5CE0}
	EndProjectSection
EndProject
Project("{8BC9CEB8-8B4A-11D0-8D11-00A0C91BC942}") = "PGOHelper", "PGOHelper\PGOHelper.vcxproj", "{38D74EE1-5276-4D24-AABC-104B912A27D2}"
	ProjectSection(ProjectDependencies) = postProject
		{37749BB2-FA78-4EC9-8990-5628FC0BBA19} = {37749BB2-FA78-4EC9-8990-5628FC0BBA19}
	EndProjectSection
EndProject
Project("{8BC9CEB8-8B4A-11D0-8D11-00A0C91BC942}") = "SevenZip", "SevenZip\SevenZip.vcxproj", "{52C4BA3A-E699-4305-B23F-C9083FD07AB6}"
EndProject
Project("{8BC9CEB8-8B4A-11D0-8D11-00A0C91BC942}") = "Lua", "Lua\Lua.vcxproj", "{B609E0A0-5050-4871-91D6-E760633BCDD1}"
EndProject
Global
	GlobalSection(SolutionConfigurationPlatforms) = preSolution
		Debug|Any CPU = Debug|Any CPU
		Debug|x64 = Debug|x64
		PGO Optimize|Any CPU = PGO Optimize|Any CPU
		PGO Optimize|x64 = PGO Optimize|x64
		PGO Profile|Any CPU = PGO Profile|Any CPU
		PGO Profile|x64 = PGO Profile|x64
		Release|Any CPU = Release|Any CPU
		Release|x64 = Release|x64
	EndGlobalSection
	GlobalSection(ProjectConfigurationPlatforms) = postSolution
		{CF2D9667-BE12-41AB-A7DC-409528B6CA5D}.Debug|Any CPU.ActiveCfg = Debug|Any CPU
		{CF2D9667-BE12-41AB-A7DC-409528B6CA5D}.Debug|Any CPU.Build.0 = Debug|Any CPU
		{CF2D9667-BE12-41AB-A7DC-409528B6CA5D}.Debug|x64.ActiveCfg = Debug|Any CPU
		{CF2D9667-BE12-41AB-A7DC-409528B6CA5D}.Debug|x64.Build.0 = Debug|Any CPU
		{CF2D9667-BE12-41AB-A7DC-409528B6CA5D}.PGO Optimize|Any CPU.ActiveCfg = Release|Any CPU
		{CF2D9667-BE12-41AB-A7DC-409528B6CA5D}.PGO Optimize|Any CPU.Build.0 = Release|Any CPU
		{CF2D9667-BE12-41AB-A7DC-409528B6CA5D}.PGO Optimize|x64.ActiveCfg = Release|Any CPU
		{CF2D9667-BE12-41AB-A7DC-409528B6CA5D}.PGO Profile|Any CPU.ActiveCfg = Debug|Any CPU
		{CF2D9667-BE12-41AB-A7DC-409528B6CA5D}.PGO Profile|Any CPU.Build.0 = Debug|Any CPU
		{CF2D9667-BE12-41AB-A7DC-409528B6CA5D}.PGO Profile|x64.ActiveCfg = Release|Any CPU
		{CF2D9667-BE12-41AB-A7DC-409528B6CA5D}.Release|Any CPU.ActiveCfg = Release|Any CPU
		{CF2D9667-BE12-41AB-A7DC-409528B6CA5D}.Release|Any CPU.Build.0 = Release|Any CPU
		{CF2D9667-BE12-41AB-A7DC-409528B6CA5D}.Release|x64.ActiveCfg = Release|Any CPU
		{CF2D9667-BE12-41AB-A7DC-409528B6CA5D}.Release|x64.Build.0 = Release|Any CPU
		{78FEF1A1-6DF1-4CBB-A373-AE6FA7CE5CE0}.Debug|Any CPU.ActiveCfg = Debug|x64
		{78FEF1A1-6DF1-4CBB-A373-AE6FA7CE5CE0}.Debug|x64.ActiveCfg = Debug|x64
		{78FEF1A1-6DF1-4CBB-A373-AE6FA7CE5CE0}.Debug|x64.Build.0 = Debug|x64
		{78FEF1A1-6DF1-4CBB-A373-AE6FA7CE5CE0}.PGO Optimize|Any CPU.ActiveCfg = PGO Optimize|x64
		{78FEF1A1-6DF1-4CBB-A373-AE6FA7CE5CE0}.PGO Optimize|x64.ActiveCfg = PGO Optimize|x64
		{78FEF1A1-6DF1-4CBB-A373-AE6FA7CE5CE0}.PGO Optimize|x64.Build.0 = PGO Optimize|x64
		{78FEF1A1-6DF1-4CBB-A373-AE6FA7CE5CE0}.PGO Profile|Any CPU.ActiveCfg = PGO Profile|x64
		{78FEF1A1-6DF1-4CBB-A373-AE6FA7CE5CE0}.PGO Profile|x64.ActiveCfg = PGO Profile|x64
		{78FEF1A1-6DF1-4CBB-A373-AE6FA7CE5CE0}.PGO Profile|x64.Build.0 = PGO Profile|x64
		{78FEF1A1-6DF1-4CBB-A373-AE6FA7CE5CE0}.Release|Any CPU.ActiveCfg = Release|x64
		{78FEF1A1-6DF1-4CBB-A373-AE6FA7CE5CE0}.Release|x64.ActiveCfg = Release|x64
		{78FEF1A1-6DF1-4CBB-A373-AE6FA7CE5CE0}.Release|x64.Build.0 = Release|x64
		{B5330148-E8C7-46BA-B54E-69BE59EA337D}.Debug|Any CPU.ActiveCfg = Debug|x64
		{B5330148-E8C7-46BA-B54E-69BE59EA337D}.Debug|x64.ActiveCfg = Debug|x64
		{B5330148-E8C7-46BA-B54E-69BE59EA337D}.Debug|x64.Build.0 = Debug|x64
		{B5330148-E8C7-46BA-B54E-69BE59EA337D}.PGO Optimize|Any CPU.ActiveCfg = PGO Optimize|x64
		{B5330148-E8C7-46BA-B54E-69BE59EA337D}.PGO Optimize|x64.ActiveCfg = PGO Optimize|x64
		{B5330148-E8C7-46BA-B54E-69BE59EA337D}.PGO Optimize|x64.Build.0 = PGO Optimize|x64
		{B5330148-E8C7-46BA-B54E-69BE59EA337D}.PGO Profile|Any CPU.ActiveCfg = PGO Profile|x64
		{B5330148-E8C7-46BA-B54E-69BE59EA337D}.PGO Profile|x64.ActiveCfg = PGO Profile|x64
		{B5330148-E8C7-46BA-B54E-69BE59EA337D}.PGO Profile|x64.Build.0 = PGO Profile|x64
		{B5330148-E8C7-46BA-B54E-69BE59EA337D}.Release|Any CPU.ActiveCfg = Release|x64
		{B5330148-E8C7-46BA-B54E-69BE59EA337D}.Release|x64.ActiveCfg = Release|x64
		{B5330148-E8C7-46BA-B54E-69BE59EA337D}.Release|x64.Build.0 = Release|x64
		{7761E790-B42C-4179-8550-8365FF9EB23E}.Debug|Any CPU.ActiveCfg = Debug|x64
		{7761E790-B42C-4179-8550-8365FF9EB23E}.Debug|x64.ActiveCfg = Debug|x64
		{7761E790-B42C-4179-8550-8365FF9EB23E}.Debug|x64.Build.0 = Debug|x64
		{7761E790-B42C-4179-8550-8365FF9EB23E}.PGO Optimize|Any CPU.ActiveCfg = PGO Optimize|x64
		{7761E790-B42C-4179-8550-8365FF9EB23E}.PGO Optimize|x64.ActiveCfg = PGO Optimize|x64
		{7761E790-B42C-4179-8550-8365FF9EB23E}.PGO Optimize|x64.Build.0 = PGO Optimize|x64
		{7761E790-B42C-4179-8550-8365FF9EB23E}.PGO Profile|Any CPU.ActiveCfg = PGO Profile|x64
		{7761E790-B42C-4179-8550-8365FF9EB23E}.PGO Profile|x64.ActiveCfg = PGO Profile|x64
		{7761E790-B42C-4179-8550-8365FF9EB23E}.PGO Profile|x64.Build.0 = PGO Profile|x64
		{7761E790-B42C-4179-8550-8365FF9EB23E}.Release|Any CPU.ActiveCfg = Release|x64
		{7761E790-B42C-4179-8550-8365FF9EB23E}.Release|x64.ActiveCfg = Release|x64
		{7761E790-B42C-4179-8550-8365FF9EB23E}.Release|x64.Build.0 = Release|x64
		{37749BB2-FA78-4EC9-8990-5628FC0BBA19}.Debug|Any CPU.ActiveCfg = Debug|x64
		{37749BB2-FA78-4EC9-8990-5628FC0BBA19}.Debug|x64.ActiveCfg = Debug|x64
		{37749BB2-FA78-4EC9-8990-5628FC0BBA19}.Debug|x64.Build.0 = Debug|x64
		{37749BB2-FA78-4EC9-8990-5628FC0BBA19}.PGO Optimize|Any CPU.ActiveCfg = PGO Optimize|x64
		{37749BB2-FA78-4EC9-8990-5628FC0BBA19}.PGO Optimize|x64.ActiveCfg = PGO Optimize|x64
		{37749BB2-FA78-4EC9-8990-5628FC0BBA19}.PGO Optimize|x64.Build.0 = PGO Optimize|x64
		{37749BB2-FA78-4EC9-8990-5628FC0BBA19}.PGO Profile|Any CPU.ActiveCfg = PGO Profile|x64
		{37749BB2-FA78-4EC9-8990-5628FC0BBA19}.PGO Profile|x64.ActiveCfg = PGO Profile|x64
		{37749BB2-FA78-4EC9-8990-5628FC0BBA19}.PGO Profile|x64.Build.0 = PGO Profile|x64
		{37749BB2-FA78-4EC9-8990-5628FC0BBA19}.Release|Any CPU.ActiveCfg = Release|x64
		{37749BB2-FA78-4EC9-8990-5628FC0BBA19}.Release|x64.ActiveCfg = Release|x64
		{37749BB2-FA78-4EC9-8990-5628FC0BBA19}.Release|x64.Build.0 = Release|x64
		{38D74EE1-5276-4D24-AABC-104B912A27D2}.Debug|Any CPU.ActiveCfg = Debug|x64
		{38D74EE1-5276-4D24-AABC-104B912A27D2}.Debug|x64.ActiveCfg = Debug|x64
		{38D74EE1-5276-4D24-AABC-104B912A27D2}.Debug|x64.Build.0 = Debug|x64
		{38D74EE1-5276-4D24-AABC-104B912A27D2}.PGO Optimize|Any CPU.ActiveCfg = PGO Optimize|x64
		{38D74EE1-5276-4D24-AABC-104B912A27D2}.PGO Optimize|x64.ActiveCfg = PGO Optimize|x64
		{38D74EE1-5276-4D24-AABC-104B912A27D2}.PGO Profile|Any CPU.ActiveCfg = PGO Profile|x64
		{38D74EE1-5276-4D24-AABC-104B912A27D2}.PGO Profile|x64.ActiveCfg = PGO Profile|x64
		{38D74EE1-5276-4D24-AABC-104B912A27D2}.PGO Profile|x64.Build.0 = PGO Profile|x64
		{38D74EE1-5276-4D24-AABC-104B912A27D2}.Release|Any CPU.ActiveCfg = Release|x64
		{38D74EE1-5276-4D24-AABC-104B912A27D2}.Release|x64.ActiveCfg = Release|x64
		{38D74EE1-5276-4D24-AABC-104B912A27D2}.Release|x64.Build.0 = Release|x64
		{52C4BA3A-E699-4305-B23F-C9083FD07AB6}.Debug|Any CPU.ActiveCfg = Debug|x64
		{52C4BA3A-E699-4305-B23F-C9083FD07AB6}.Debug|x64.ActiveCfg = Debug|x64
		{52C4BA3A-E699-4305-B23F-C9083FD07AB6}.Debug|x64.Build.0 = Debug|x64
		{52C4BA3A-E699-4305-B23F-C9083FD07AB6}.PGO Optimize|Any CPU.ActiveCfg = PGO Optimize|x64
		{52C4BA3A-E699-4305-B23F-C9083FD07AB6}.PGO Optimize|x64.ActiveCfg = PGO Optimize|x64
		{52C4BA3A-E699-4305-B23F-C9083FD07AB6}.PGO Optimize|x64.Build.0 = PGO Optimize|x64
		{52C4BA3A-E699-4305-B23F-C9083FD07AB6}.PGO Profile|Any CPU.ActiveCfg = PGO Profile|x64
		{52C4BA3A-E699-4305-B23F-C9083FD07AB6}.PGO Profile|x64.ActiveCfg = PGO Profile|x64
		{52C4BA3A-E699-4305-B23F-C9083FD07AB6}.PGO Profile|x64.Build.0 = PGO Profile|x64
		{52C4BA3A-E699-4305-B23F-C9083FD07AB6}.Release|Any CPU.ActiveCfg = Release|x64
		{52C4BA3A-E699-4305-B23F-C9083FD07AB6}.Release|x64.ActiveCfg = Release|x64
		{52C4BA3A-E699-4305-B23F-C9083FD07AB6}.Release|x64.Build.0 = Release|x64
		{B609E0A0-5050-4871-91D6-E760633BCDD1}.Debug|Any CPU.ActiveCfg = Debug|x64
		{B609E0A0-5050-4871-91D6-E760633BCDD1}.Debug|x64.ActiveCfg = Debug|x64
		{B609E0A0-5050-4871-91D6-E760633BCDD1}.Debug|x64.Build.0 = Debug|x64
		{B609E0A0-5050-4871-91D6-E760633BCDD1}.PGO Optimize|Any CPU.ActiveCfg = PGO Optimize|x64
		{B609E0A0-5050-4871-91D6-E760633BCDD1}.PGO Optimize|x64.ActiveCfg = PGO Optimize|x64
		{B609E0A0-5050-4871-91D6-E760633BCDD1}.PGO Optimize|x64.Build.0 = PGO Optimize|x64
		{B609E0A0-5050-4871-91D6-E760633BCDD1}.PGO Profile|Any CPU.ActiveCfg = PGO Profile|x64
		{B609E0A0-5050-4871-91D6-E760633BCDD1}.PGO Profile|x64.ActiveCfg = PGO Profile|x64
		{B609E0A0-5050-4871-91D6-E760633BCDD1}.PGO Profile|x64.Build.0 = PGO Profile|x64
		{B609E0A0-5050-4871-91D6-E760633BCDD1}.Release|Any CPU.ActiveCfg = Release|x64
		{B609E0A0-5050-4871-91D6-E760633BCDD1}.Release|x64.ActiveCfg = Release|x64
		{B609E0A0-5050-4871-91D6-E760633BCDD1}.Release|x64.Build.0 = Release|x64
	EndGlobalSection
	GlobalSection(SolutionProperties) = preSolution
		HideSolutionNode = FALSE
	EndGlobalSection
	GlobalSection(ExtensibilityGlobals) = postSolution
		SolutionGuid = {26BA923A-ECE6-4040-8BA4-C9B43DE004B4}
	EndGlobalSection
	GlobalSection(Performance) = preSolution
		HasPerformanceSessions = true
	EndGlobalSection
EndGlobal
