<?xml version="1.0" encoding="utf-8"?>
<Project ToolsVersion="4.0" xmlns="http://schemas.microsoft.com/developer/msbuild/2003">
  <ItemGroup>
    <Filter Include="Avi">
      <UniqueIdentifier>{8b0e23bf-1bd9-4cc1-8046-784fd01e8688}</UniqueIdentifier>
    </Filter>
    <Filter Include="Patches">
      <UniqueIdentifier>{6d519bc1-7c40-448a-95d2-9ad94cd20644}</UniqueIdentifier>
    </Filter>
    <Filter Include="Hashes">
      <UniqueIdentifier>{7b254092-7a93-4010-b203-ec6d48276d11}</UniqueIdentifier>
    </Filter>
    <Filter Include="Video">
      <UniqueIdentifier>{954e8e7b-1ee6-4ab4-a197-3154ce63061e}</UniqueIdentifier>
    </Filter>
    <Filter Include="Video\xBRZ">
      <UniqueIdentifier>{34df7dd9-5f1b-4aec-9212-1b70f1fada59}</UniqueIdentifier>
    </Filter>
    <Filter Include="Video\Scale2x">
      <UniqueIdentifier>{87329bd1-28ac-4ced-a4c2-b51777018d16}</UniqueIdentifier>
    </Filter>
    <Filter Include="Video\KreedSaiEagle">
      <UniqueIdentifier>{8e159744-fb91-4e16-aa82-8d8703ba2762}</UniqueIdentifier>
    </Filter>
    <Filter Include="Video\HQX">
      <UniqueIdentifier>{c29925fd-7698-4db8-a328-73ef7f8993a9}</UniqueIdentifier>
    </Filter>
    <Filter Include="Archives">
      <UniqueIdentifier>{99c6afb9-49a2-4609-b3cd-3d26eb16d8a5}</UniqueIdentifier>
    </Filter>
    <Filter Include="Audio">
      <UniqueIdentifier>{cde7b53f-be5e-4201-8194-0352d00216aa}</UniqueIdentifier>
    </Filter>
    <Filter Include="Misc">
      <UniqueIdentifier>{93995380-89BD-4b04-88EB-625FBE52EBFB}</UniqueIdentifier>
      <Extensions>h;hh;hpp;hxx;hm;inl;inc;xsd</Extensions>
    </Filter>
  </ItemGroup>
  <ItemGroup>
    <ClInclude Include="stdafx.h">
      <Filter>Misc</Filter>
    </ClInclude>
    <ClInclude Include="Timer.h">
      <Filter>Misc</Filter>
    </ClInclude>
    <ClInclude Include="FolderUtilities.h">
      <Filter>Misc</Filter>
    </ClInclude>
    <ClInclude Include="Socket.h">
      <Filter>Misc</Filter>
    </ClInclude>
    <ClInclude Include="SimpleLock.h">
      <Filter>Misc</Filter>
    </ClInclude>
    <ClInclude Include="UPnPPortMapper.h">
      <Filter>Misc</Filter>
    </ClInclude>
    <ClInclude Include="UTF8Util.h">
      <Filter>Misc</Filter>
    </ClInclude>
    <ClInclude Include="AutoResetEvent.h">
      <Filter>Misc</Filter>
    </ClInclude>
    <ClInclude Include="xBRZ\config.h">
      <Filter>Video\xBRZ</Filter>
    </ClInclude>
    <ClInclude Include="xBRZ\xbrz.h">
      <Filter>Video\xBRZ</Filter>
    </ClInclude>
    <ClInclude Include="HQX\hqx.h">
      <Filter>Video\HQX</Filter>
    </ClInclude>
    <ClInclude Include="HQX\common.h">
      <Filter>Video\HQX</Filter>
    </ClInclude>
    <ClInclude Include="Scale2x\scale2x.h">
      <Filter>Video\Scale2x</Filter>
    </ClInclude>
    <ClInclude Include="Scale2x\scale3x.h">
      <Filter>Video\Scale2x</Filter>
    </ClInclude>
    <ClInclude Include="Scale2x\scalebit.h">
      <Filter>Video\Scale2x</Filter>
    </ClInclude>
    <ClInclude Include="KreedSaiEagle\SaiEagle.h">
      <Filter>Video\KreedSaiEagle</Filter>
    </ClInclude>
    <ClInclude Include="PlatformUtilities.h">
      <Filter>Misc</Filter>
    </ClInclude>
    <ClInclude Include="HexUtilities.h">
      <Filter>Misc</Filter>
    </ClInclude>
    <ClInclude Include="StringUtilities.h">
      <Filter>Misc</Filter>
    </ClInclude>
    <ClInclude Include="Base64.h">
      <Filter>Misc</Filter>
    </ClInclude>
    <ClInclude Include="VirtualFile.h">
      <Filter>Misc</Filter>
    </ClInclude>
    <ClInclude Include="FastString.h">
      <Filter>Misc</Filter>
    </ClInclude>
    <ClInclude Include="CRC32.h">
      <Filter>Hashes</Filter>
    </ClInclude>
    <ClInclude Include="sha1.h">
      <Filter>Hashes</Filter>
    </ClInclude>
    <ClInclude Include="md5.h">
      <Filter>Hashes</Filter>
    </ClInclude>
    <ClInclude Include="PNGHelper.h">
      <Filter>Video</Filter>
    </ClInclude>
    <ClInclude Include="ArchiveReader.h">
      <Filter>Archives</Filter>
    </ClInclude>
    <ClInclude Include="ZipReader.h">
      <Filter>Archives</Filter>
    </ClInclude>
    <ClInclude Include="ZipWriter.h">
      <Filter>Archives</Filter>
    </ClInclude>
    <ClInclude Include="SZReader.h">
      <Filter>Archives</Filter>
    </ClInclude>
    <ClInclude Include="miniz.h">
      <Filter>Archives</Filter>
    </ClInclude>
    <ClInclude Include="Serializer.h">
      <Filter>Misc</Filter>
    </ClInclude>
    <ClInclude Include="ISerializable.h">
      <Filter>Misc</Filter>
    </ClInclude>
    <ClInclude Include="Audio\blip_buf.h">
      <Filter>Misc</Filter>
    </ClInclude>
    <ClInclude Include="Audio\CrossFeedFilter.h">
      <Filter>Misc</Filter>
    </ClInclude>
    <ClInclude Include="Audio\Equalizer.h">
      <Filter>Misc</Filter>
    </ClInclude>
    <ClInclude Include="Audio\HermiteResampler.h">
      <Filter>Misc</Filter>
    </ClInclude>
    <ClInclude Include="Audio\LowPassFilter.h">
      <Filter>Misc</Filter>
    </ClInclude>
    <ClInclude Include="Audio\orfanidis_eq.h">
      <Filter>Misc</Filter>
    </ClInclude>
    <ClInclude Include="Audio\ReverbFilter.h">
      <Filter>Misc</Filter>
    </ClInclude>
    <ClInclude Include="Audio\stb_vorbis.h">
      <Filter>Misc</Filter>
    </ClInclude>
    <ClInclude Include="Audio\StereoCombFilter.h">
      <Filter>Misc</Filter>
    </ClInclude>
    <ClInclude Include="Audio\StereoDelayFilter.h">
      <Filter>Misc</Filter>
    </ClInclude>
    <ClInclude Include="Audio\StereoPanningFilter.h">
      <Filter>Misc</Filter>
    </ClInclude>
    <ClInclude Include="Video\AviRecorder.h">
      <Filter>Misc</Filter>
    </ClInclude>
    <ClInclude Include="Video\AviWriter.h">
      <Filter>Misc</Filter>
    </ClInclude>
    <ClInclude Include="Video\BaseCodec.h">
      <Filter>Misc</Filter>
    </ClInclude>
    <ClInclude Include="Video\CamstudioCodec.h">
      <Filter>Misc</Filter>
    </ClInclude>
    <ClInclude Include="Video\gif.h">
      <Filter>Misc</Filter>
    </ClInclude>
    <ClInclude Include="Video\GifRecorder.h">
      <Filter>Misc</Filter>
    </ClInclude>
    <ClInclude Include="Video\IVideoRecorder.h">
      <Filter>Misc</Filter>
    </ClInclude>
    <ClInclude Include="Video\RawCodec.h">
      <Filter>Misc</Filter>
    </ClInclude>
    <ClInclude Include="Video\ZmbvCodec.h">
      <Filter>Misc</Filter>
    </ClInclude>
    <ClInclude Include="Patches\BpsPatcher.h">
      <Filter>Misc</Filter>
    </ClInclude>
    <ClInclude Include="Patches\IpsPatcher.h">
      <Filter>Misc</Filter>
    </ClInclude>
    <ClInclude Include="Patches\UpsPatcher.h">
      <Filter>Misc</Filter>
    </ClInclude>
    <ClInclude Include="NTSC\nes_ntsc.h">
      <Filter>Misc</Filter>
    </ClInclude>
    <ClInclude Include="NTSC\nes_ntsc_config.h">
      <Filter>Misc</Filter>
    </ClInclude>
    <ClInclude Include="NTSC\nes_ntsc_impl.h">
      <Filter>Misc</Filter>
    </ClInclude>
    <ClInclude Include="NTSC\snes_ntsc.h">
      <Filter>Misc</Filter>
    </ClInclude>
    <ClInclude Include="NTSC\snes_ntsc_config.h">
      <Filter>Misc</Filter>
    </ClInclude>
    <ClInclude Include="NTSC\snes_ntsc_impl.h">
      <Filter>Misc</Filter>
    </ClInclude>
    <ClInclude Include="kissfft.h">
      <Filter>Misc</Filter>
    </ClInclude>
  </ItemGroup>
  <ItemGroup>
    <ClCompile Include="xBRZ\xbrz.cpp">
      <Filter>Video\xBRZ</Filter>
    </ClCompile>
    <ClCompile Include="HQX\hq2x.cpp">
      <Filter>Video\HQX</Filter>
    </ClCompile>
    <ClCompile Include="HQX\hq3x.cpp">
      <Filter>Video\HQX</Filter>
    </ClCompile>
    <ClCompile Include="HQX\hq4x.cpp">
      <Filter>Video\HQX</Filter>
    </ClCompile>
    <ClCompile Include="HQX\init.cpp">
      <Filter>Video\HQX</Filter>
    </ClCompile>
    <ClCompile Include="Scale2x\scale2x.cpp">
      <Filter>Video\Scale2x</Filter>
    </ClCompile>
    <ClCompile Include="Scale2x\scale3x.cpp">
      <Filter>Video\Scale2x</Filter>
    </ClCompile>
    <ClCompile Include="Scale2x\scalebit.cpp">
      <Filter>Video\Scale2x</Filter>
    </ClCompile>
    <ClCompile Include="KreedSaiEagle\SuperEagle.cpp">
      <Filter>Video\KreedSaiEagle</Filter>
    </ClCompile>
    <ClCompile Include="KreedSaiEagle\Super2xSai.cpp">
      <Filter>Video\KreedSaiEagle</Filter>
    </ClCompile>
    <ClCompile Include="KreedSaiEagle\2xSai.cpp">
      <Filter>Video\KreedSaiEagle</Filter>
    </ClCompile>
    <ClCompile Include="md5.cpp">
      <Filter>Hashes</Filter>
    </ClCompile>
    <ClCompile Include="CRC32.cpp">
      <Filter>Hashes</Filter>
    </ClCompile>
    <ClCompile Include="sha1.cpp">
      <Filter>Hashes</Filter>
    </ClCompile>
    <ClCompile Include="PNGHelper.cpp">
      <Filter>Video</Filter>
    </ClCompile>
    <ClCompile Include="ArchiveReader.cpp">
      <Filter>Archives</Filter>
    </ClCompile>
    <ClCompile Include="ZipReader.cpp">
      <Filter>Archives</Filter>
    </ClCompile>
    <ClCompile Include="ZipWriter.cpp">
      <Filter>Archives</Filter>
    </ClCompile>
    <ClCompile Include="SZReader.cpp">
      <Filter>Archives</Filter>
    </ClCompile>
    <ClCompile Include="miniz.cpp">
      <Filter>Archives</Filter>
    </ClCompile>
    <ClCompile Include="AutoResetEvent.cpp">
      <Filter>Misc</Filter>
    </ClCompile>
    <ClCompile Include="FolderUtilities.cpp">
      <Filter>Misc</Filter>
    </ClCompile>
    <ClCompile Include="HexUtilities.cpp">
      <Filter>Misc</Filter>
    </ClCompile>
    <ClCompile Include="PlatformUtilities.cpp">
      <Filter>Misc</Filter>
    </ClCompile>
    <ClCompile Include="SimpleLock.cpp">
      <Filter>Misc</Filter>
    </ClCompile>
    <ClCompile Include="Socket.cpp">
      <Filter>Misc</Filter>
    </ClCompile>
    <ClCompile Include="stdafx.cpp">
      <Filter>Misc</Filter>
    </ClCompile>
    <ClCompile Include="Timer.cpp">
      <Filter>Misc</Filter>
    </ClCompile>
    <ClCompile Include="UPnPPortMapper.cpp">
      <Filter>Misc</Filter>
    </ClCompile>
    <ClCompile Include="UTF8Util.cpp">
      <Filter>Misc</Filter>
    </ClCompile>
    <ClCompile Include="VirtualFile.cpp">
      <Filter>Misc</Filter>
    </ClCompile>
    <ClCompile Include="Serializer.cpp">
      <Filter>Misc</Filter>
    </ClCompile>
    <ClCompile Include="Audio\blip_buf.cpp" />
    <ClCompile Include="Audio\CrossFeedFilter.cpp" />
    <ClCompile Include="Audio\Equalizer.cpp" />
    <ClCompile Include="Audio\HermiteResampler.cpp" />
    <ClCompile Include="Audio\ReverbFilter.cpp" />
    <ClCompile Include="Audio\stb_vorbis.cpp" />
    <ClCompile Include="Audio\StereoCombFilter.cpp" />
    <ClCompile Include="Audio\StereoDelayFilter.cpp" />
    <ClCompile Include="Audio\StereoPanningFilter.cpp" />
    <ClCompile Include="Video\AviRecorder.cpp" />
    <ClCompile Include="Video\AviWriter.cpp" />
    <ClCompile Include="Video\CamstudioCodec.cpp" />
    <ClCompile Include="Video\GifRecorder.cpp" />
    <ClCompile Include="Video\ZmbvCodec.cpp" />
    <ClCompile Include="Patches\BpsPatcher.cpp" />
    <ClCompile Include="Patches\IpsPatcher.cpp" />
    <ClCompile Include="Patches\UpsPatcher.cpp" />
    <ClCompile Include="NTSC\nes_ntsc.cpp" />
    <ClCompile Include="NTSC\snes_ntsc.cpp" />
  </ItemGroup>
</Project>